# THIS IS AN AUTOGENERATED FILE. DO NOT EDIT THIS FILE DIRECTLY.
# yarn lockfile v1


turbo-darwin-64@2.1.2:
  version "2.1.2"
  resolved "https://registry.yarnpkg.com/turbo-darwin-64/-/turbo-darwin-64-2.1.2.tgz#a694b4db22ab04a2d67b3b2c96fc11780af1c8ee"
  integrity sha512-3TEBxHWh99h2yIzkuIigMEOXt/ItYQp0aPiJjPd1xN4oDcsKK5AxiFKPH9pdtfIBzYsY59kQhZiFj0ELnSP7Bw==

turbo-darwin-arm64@2.1.2:
  version "2.1.2"
  resolved "https://registry.yarnpkg.com/turbo-darwin-arm64/-/turbo-darwin-arm64-2.1.2.tgz#5a999ce271b9643cc0e535feb9d77c4b922e6de7"
  integrity sha512-he0miWNq2WxJzsH82jS2Z4MXpnkzn9SH8a79iPXiJkq25QREImucscM4RPasXm8wARp91pyysJMq6aasD45CeA==

turbo-linux-64@2.1.2:
  version "2.1.2"
  resolved "https://registry.yarnpkg.com/turbo-linux-64/-/turbo-linux-64-2.1.2.tgz#18e8c23d4bd8351c161994aef57f3948db3e8036"
  integrity sha512-fKUBcc0rK8Vdqv5a/E3CSpMBLG1bzwv+Q0Q83F8fG2ZfNCNKGbcEYABdonNZkkx141Rj03cZQFCgxu3MVEGU+A==

turbo-linux-arm64@2.1.2:
  version "2.1.2"
  resolved "https://registry.yarnpkg.com/turbo-linux-arm64/-/turbo-linux-arm64-2.1.2.tgz#e6879fd0a9e37d7d4080ba34ef0c32354c08c4e8"
  integrity sha512-sV8Bpmm0WiuxgbhxymcC7wSsuxfBBieI98GegSwbr/bs1ANAgzCg93urIrdKdQ3/b31zZxQwcaP4FBF1wx1Qdg==

turbo-windows-64@2.1.2:
  version "2.1.2"
  resolved "https://registry.yarnpkg.com/turbo-windows-64/-/turbo-windows-64-2.1.2.tgz#be6b8429beba956fabcbda06402fb89d1796aa2e"
  integrity sha512-wcmIJZI9ORT9ykHGliFE6kWRQrlH930QGSjSgWC8uFChFFuOyUlvC7ttcxuSvU9VqC7NF4C+GVAcFJQ8lTjN7g==

turbo-windows-arm64@2.1.2:
  version "2.1.2"
  resolved "https://registry.yarnpkg.com/turbo-windows-arm64/-/turbo-windows-arm64-2.1.2.tgz#8d3fa5e49cd7c54d7af4efe180c608ff1f03ac45"
  integrity sha512-zdnXjrhk7YO6CP+Q5wPueEvOCLH4lDa6C4rrwiakcWcPgcQGbVozJlo4uaQ6awo8HLWQEvOwu84RkWTdLAc/Hw==

turbo@^2.1.2-canary.1:
  version "2.1.2"
  resolved "https://registry.yarnpkg.com/turbo/-/turbo-2.1.2.tgz#c3b2e533977055458f70cc879c3d2a334a0f2469"
  integrity sha512-Jb0rbU4iHEVQ18An/YfakdIv9rKnd3zUfSE117EngrfWXFHo3RndVH96US3GsT8VHpwTncPePDBT2t06PaFLrw==
  optionalDependencies:
    turbo-darwin-64 "2.1.2"
    turbo-darwin-arm64 "2.1.2"
    turbo-linux-64 "2.1.2"
    turbo-linux-arm64 "2.1.2"
    turbo-windows-64 "2.1.2"
    turbo-windows-arm64 "2.1.2"
